
Microsoft Visual Studio Solution File, Format Version 12.00
# Visual Studio 15
VisualStudioVersion = 15.0.28307.1169
MinimumVisualStudioVersion = 10.0.40219.1
Project("{8BC9CEB8-8B4A-11D0-8D11-00A0C91BC942}") = "osProject3", "osProject3\osProject3.vcxproj", "{3A6E23D7-887D-4F03-9B69-1CC07A9A7C0D}"
EndProject
Global
	GlobalSection(SolutionConfigurationPlatforms) = preSolution
		Debug|x64 = Debug|x64
		Debug|x86 = Debug|x86
		Release|x64 = Release|x64
		Release|x86 = Release|x86
	EndGlobalSection
	GlobalSection(ProjectConfigurationPlatforms) = postSolution
		{3A6E23D7-887D-4F03-9B69-1CC07A9A7C0D}.Debug|x64.ActiveCfg = Debug|x64
		{3A6E23D7-887D-4F03-9B69-1CC07A9A7C0D}.Debug|x64.Build.0 = Debug|x64
		{3A6E23D7-887D-4F03-9B69-1CC07A9A7C0D}.Debug|x86.ActiveCfg = Debug|Win32
		{3A6E23D7-887D-4F03-9B69-1CC07A9A7C0D}.Debug|x86.Build.0 = Debug|Win32
		{3A6E23D7-887D-4F03-9B69-1CC07A9A7C0D}.Release|x64.ActiveCfg = Release|x64
		{3A6E23D7-887D-4F03-9B69-1CC07A9A7C0D}.Release|x64.Build.0 = Release|x64
		{3A6E23D7-887D-4F03-9B69-1CC07A9A7C0D}.Release|x86.ActiveCfg = Release|Win32
		{3A6E23D7-887D-4F03-9B69-1CC07A9A7C0D}.Release|x86.Build.0 = Release|Win32
	EndGlobalSection
	GlobalSection(SolutionProperties) = preSolution
		HideSolutionNode = FALSE
	EndGlobalSection
	GlobalSection(ExtensibilityGlobals) = postSolution
		SolutionGuid = {2B9F8730-E083-48C4-89A0-38D24BAD6267}
	EndGlobalSection
EndGlobal
